
Microsoft Visual Studio Solution File, Format Version 12.00
# Visual Studio Version 16
VisualStudioVersion = 16.0.31105.61
MinimumVisualStudioVersion = 10.0.40219.1
Project("{FAE04EC0-301F-11D3-BF4B-00C04F79EFBC}") = "cicdExample", "cicdExample\cicdExample.csproj", "{4BA3D87F-2A7A-46EB-B549-21C42328B89D}"
EndProject
Project("{FAE04EC0-301F-11D3-BF4B-00C04F79EFBC}") = "cicdTest", "cicdTest\cicdTest.csproj", "{C12BAE42-A498-4075-A0F0-07305BC5EA05}"
EndProject
Global
	GlobalSection(SolutionConfigurationPlatforms) = preSolution
		Debug|Any CPU = Debug|Any CPU
		Release|Any CPU = Release|Any CPU
	EndGlobalSection
	GlobalSection(ProjectConfigurationPlatforms) = postSolution
		{4BA3D87F-2A7A-46EB-B549-21C42328B89D}.Debug|Any CPU.ActiveCfg = Debug|Any CPU
		{4BA3D87F-2A7A-46EB-B549-21C42328B89D}.Debug|Any CPU.Build.0 = Debug|Any CPU
		{4BA3D87F-2A7A-46EB-B549-21C42328B89D}.Release|Any CPU.ActiveCfg = Release|Any CPU
		{4BA3D87F-2A7A-46EB-B549-21C42328B89D}.Release|Any CPU.Build.0 = Release|Any CPU
		{C12BAE42-A498-4075-A0F0-07305BC5EA05}.Debug|Any CPU.ActiveCfg = Debug|Any CPU
		{C12BAE42-A498-4075-A0F0-07305BC5EA05}.Debug|Any CPU.Build.0 = Debug|Any CPU
		{C12BAE42-A498-4075-A0F0-07305BC5EA05}.Release|Any CPU.ActiveCfg = Release|Any CPU
		{C12BAE42-A498-4075-A0F0-07305BC5EA05}.Release|Any CPU.Build.0 = Release|Any CPU
	EndGlobalSection
	GlobalSection(SolutionProperties) = preSolution
		HideSolutionNode = FALSE
	EndGlobalSection
	GlobalSection(ExtensibilityGlobals) = postSolution
		SolutionGuid = {8FE17066-A354-4EBE-97E6-19FE08303C74}
	EndGlobalSection
EndGlobal
